
Microsoft Visual Studio Solution File, Format Version 12.00
# Visual Studio 15
VisualStudioVersion = 15.0.26124.0
MinimumVisualStudioVersion = 15.0.26124.0
Project("{2150E333-8FDC-42A3-9474-1A3956D46DE8}") = "src", "src", "{C2FF4008-EAC9-4254-BB76-B09F2C9AD2AC}"
EndProject
Project("{FAE04EC0-301F-11D3-BF4B-00C04F79EFBC}") = "GradeBook", "src\GradeBook\GradeBook.csproj", "{331846C2-D0B1-439A-B662-C51F31697F23}"
EndProject
Project("{2150E333-8FDC-42A3-9474-1A3956D46DE8}") = "test", "test", "{2F17A672-01B6-49BC-AA73-3BDF14E8A782}"
EndProject
Project("{FAE04EC0-301F-11D3-BF4B-00C04F79EFBC}") = "GradeBook.Tests", "test\GradeBook.Tests\GradeBook.Tests.csproj", "{D195D285-0601-4E44-929E-4FAF11A92981}"
EndProject
Global
	GlobalSection(SolutionConfigurationPlatforms) = preSolution
		Debug|Any CPU = Debug|Any CPU
		Debug|x64 = Debug|x64
		Debug|x86 = Debug|x86
		Release|Any CPU = Release|Any CPU
		Release|x64 = Release|x64
		Release|x86 = Release|x86
	EndGlobalSection
	GlobalSection(SolutionProperties) = preSolution
		HideSolutionNode = FALSE
	EndGlobalSection
	GlobalSection(ProjectConfigurationPlatforms) = postSolution
		{331846C2-D0B1-439A-B662-C51F31697F23}.Debug|Any CPU.ActiveCfg = Debug|Any CPU
		{331846C2-D0B1-439A-B662-C51F31697F23}.Debug|Any CPU.Build.0 = Debug|Any CPU
		{331846C2-D0B1-439A-B662-C51F31697F23}.Debug|x64.ActiveCfg = Debug|Any CPU
		{331846C2-D0B1-439A-B662-C51F31697F23}.Debug|x64.Build.0 = Debug|Any CPU
		{331846C2-D0B1-439A-B662-C51F31697F23}.Debug|x86.ActiveCfg = Debug|Any CPU
		{331846C2-D0B1-439A-B662-C51F31697F23}.Debug|x86.Build.0 = Debug|Any CPU
		{331846C2-D0B1-439A-B662-C51F31697F23}.Release|Any CPU.ActiveCfg = Release|Any CPU
		{331846C2-D0B1-439A-B662-C51F31697F23}.Release|Any CPU.Build.0 = Release|Any CPU
		{331846C2-D0B1-439A-B662-C51F31697F23}.Release|x64.ActiveCfg = Release|Any CPU
		{331846C2-D0B1-439A-B662-C51F31697F23}.Release|x64.Build.0 = Release|Any CPU
		{331846C2-D0B1-439A-B662-C51F31697F23}.Release|x86.ActiveCfg = Release|Any CPU
		{331846C2-D0B1-439A-B662-C51F31697F23}.Release|x86.Build.0 = Release|Any CPU
		{D195D285-0601-4E44-929E-4FAF11A92981}.Debug|Any CPU.ActiveCfg = Debug|Any CPU
		{D195D285-0601-4E44-929E-4FAF11A92981}.Debug|Any CPU.Build.0 = Debug|Any CPU
		{D195D285-0601-4E44-929E-4FAF11A92981}.Debug|x64.ActiveCfg = Debug|Any CPU
		{D195D285-0601-4E44-929E-4FAF11A92981}.Debug|x64.Build.0 = Debug|Any CPU
		{D195D285-0601-4E44-929E-4FAF11A92981}.Debug|x86.ActiveCfg = Debug|Any CPU
		{D195D285-0601-4E44-929E-4FAF11A92981}.Debug|x86.Build.0 = Debug|Any CPU
		{D195D285-0601-4E44-929E-4FAF11A92981}.Release|Any CPU.ActiveCfg = Release|Any CPU
		{D195D285-0601-4E44-929E-4FAF11A92981}.Release|Any CPU.Build.0 = Release|Any CPU
		{D195D285-0601-4E44-929E-4FAF11A92981}.Release|x64.ActiveCfg = Release|Any CPU
		{D195D285-0601-4E44-929E-4FAF11A92981}.Release|x64.Build.0 = Release|Any CPU
		{D195D285-0601-4E44-929E-4FAF11A92981}.Release|x86.ActiveCfg = Release|Any CPU
		{D195D285-0601-4E44-929E-4FAF11A92981}.Release|x86.Build.0 = Release|Any CPU
	EndGlobalSection
	GlobalSection(NestedProjects) = preSolution
		{331846C2-D0B1-439A-B662-C51F31697F23} = {C2FF4008-EAC9-4254-BB76-B09F2C9AD2AC}
		{D195D285-0601-4E44-929E-4FAF11A92981} = {2F17A672-01B6-49BC-AA73-3BDF14E8A782}
	EndGlobalSection
EndGlobal
